
Microsoft Visual Studio Solution File, Format Version 11.00
# Visual Studio 2010
Project("{8BC9CEB8-8B4A-11D0-8D11-00A0C91BC942}") = "spoj", "spoj.vcxproj", "{965465B0-4D4E-41FB-9B67-12B628ADDCFC}"
EndProject
Global
	GlobalSection(SolutionConfigurationPlatforms) = preSolution
		Debug|Win32 = Debug|Win32
		Release|Win32 = Release|Win32
	EndGlobalSection
	GlobalSection(ProjectConfigurationPlatforms) = postSolution
		{965465B0-4D4E-41FB-9B67-12B628ADDCFC}.Debug|Win32.ActiveCfg = Debug|Win32
		{965465B0-4D4E-41FB-9B67-12B628ADDCFC}.Debug|Win32.Build.0 = Debug|Win32
		{965465B0-4D4E-41FB-9B67-12B628ADDCFC}.Release|Win32.ActiveCfg = Release|Win32
		{965465B0-4D4E-41FB-9B67-12B628ADDCFC}.Release|Win32.Build.0 = Release|Win32
	EndGlobalSection
	GlobalSection(SolutionProperties) = preSolution
		HideSolutionNode = FALSE
	EndGlobalSection
EndGlobal
